
Microsoft Visual Studio Solution File, Format Version 12.00
# Visual Studio 2012
Project("{FAE04EC0-301F-11D3-BF4B-00C04F79EFBC}") = "UnityVS.DesktopPlayerClient.CSharp", "UnityVS.DesktopPlayerClient.CSharp.csproj", "{9589845C-F078-DB49-EC3E-810DBFAAEA5A}"
EndProject
Project("{FAE04EC0-301F-11D3-BF4B-00C04F79EFBC}") = "UnityVS.DesktopPlayerClient.CSharp.Editor", "UnityVS.DesktopPlayerClient.CSharp.Editor.csproj", "{DF22D654-0C0D-047C-F888-0CF41893B5B6}"
EndProject
Global
	GlobalSection(SolutionConfigurationPlatforms) = preSolution
		Debug|Any CPU = Debug|Any CPU
		Release|Any CPU = Release|Any CPU
	EndGlobalSection
	GlobalSection(ProjectConfigurationPlatforms) = postSolution
		{9589845C-F078-DB49-EC3E-810DBFAAEA5A}.Debug|Any CPU.ActiveCfg = Debug|Any CPU
		{9589845C-F078-DB49-EC3E-810DBFAAEA5A}.Debug|Any CPU.Build.0 = Debug|Any CPU
		{9589845C-F078-DB49-EC3E-810DBFAAEA5A}.Release|Any CPU.ActiveCfg = Release|Any CPU
		{9589845C-F078-DB49-EC3E-810DBFAAEA5A}.Release|Any CPU.Build.0 = Release|Any CPU
		{DF22D654-0C0D-047C-F888-0CF41893B5B6}.Debug|Any CPU.ActiveCfg = Debug|Any CPU
		{DF22D654-0C0D-047C-F888-0CF41893B5B6}.Debug|Any CPU.Build.0 = Debug|Any CPU
		{DF22D654-0C0D-047C-F888-0CF41893B5B6}.Release|Any CPU.ActiveCfg = Release|Any CPU
		{DF22D654-0C0D-047C-F888-0CF41893B5B6}.Release|Any CPU.Build.0 = Release|Any CPU
	EndGlobalSection
	GlobalSection(SolutionProperties) = preSolution
		HideSolutionNode = FALSE
	EndGlobalSection
EndGlobal
